
Microsoft Visual Studio Solution File, Format Version 12.00
# Visual Studio Version 17
VisualStudioVersion = 17.14.36202.13
MinimumVisualStudioVersion = 10.0.40219.1
Project("{FAE04EC0-301F-11D3-BF4B-00C04F79EFBC}") = "rjbl", "Draft\rjbl.csproj", "{A97D030A-996F-46AD-9156-B099A3BBAA00}"
EndProject
Global
	GlobalSection(SolutionConfigurationPlatforms) = preSolution
		Debug|Any CPU = Debug|Any CPU
		Release|Any CPU = Release|Any CPU
	EndGlobalSection
	GlobalSection(ProjectConfigurationPlatforms) = postSolution
		{A97D030A-996F-46AD-9156-B099A3BBAA00}.Debug|Any CPU.ActiveCfg = Debug|Any CPU
		{A97D030A-996F-46AD-9156-B099A3BBAA00}.Debug|Any CPU.Build.0 = Debug|Any CPU
		{A97D030A-996F-46AD-9156-B099A3BBAA00}.Release|Any CPU.ActiveCfg = Release|Any CPU
		{A97D030A-996F-46AD-9156-B099A3BBAA00}.Release|Any CPU.Build.0 = Release|Any CPU
	EndGlobalSection
	GlobalSection(SolutionProperties) = preSolution
		HideSolutionNode = FALSE
	EndGlobalSection
	GlobalSection(ExtensibilityGlobals) = postSolution
		SolutionGuid = {7DFF3ECF-2DE8-4523-AE70-1D53AE4A86D3}
	EndGlobalSection
EndGlobal
